{
  "nodes": {
    "nixpkgs": {
      "locked": {
        "lastModified": 1671883564,
        "narHash": "sha256-C15oAtyupmLB3coZY7qzEHXjhtUx/+77olVdqVMruAg=",
        "owner": "NixOS",
        "repo": "nixpkgs",
        "rev": "dac57a4eccf1442e8bf4030df6fcbb55883cb682",
        "type": "github"
      },
      "original": {
        "id": "nixpkgs",
        "ref": "nixos-22.11",
        "type": "indirect"
      }
    },
    "root": {
      "inputs": {
        "nixpkgs": "nixpkgs"
      }
    }
  },
  "root": "root",
  "version": 7
}
