{
  "nodes": {
    "nixpkgs": {
      "locked": {
        "lastModified": 1663587673,
        "narHash": "sha256-4C4R/PV8+HjkgVd1Db8AuvHwhQp5vllVqOQEl6YDh3o=",
        "owner": "NixOS",
        "repo": "nixpkgs",
        "rev": "20dc478985d6545df53f0153f4af125eb014083d",
        "type": "github"
      },
      "original": {
        "id": "nixpkgs",
        "ref": "nixos-22.05",
        "type": "indirect"
      }
    },
    "nixpkgsArm": {
      "locked": {
        "lastModified": 1663617652,
        "narHash": "sha256-8aqX4UcMNSwTv8byO5fhBxPM92b12Hf2/4Z9KLNdbrk=",
        "owner": "NixOS",
        "repo": "nixpkgs",
        "rev": "6dd5255fc4f61624361226ef8528bea508d7f4d0",
        "type": "github"
      },
      "original": {
        "id": "nixpkgs",
        "ref": "nixos-22.05-aarch64",
        "type": "indirect"
      }
    },
    "root": {
      "inputs": {
        "nixpkgs": "nixpkgs",
        "nixpkgsArm": "nixpkgsArm"
      }
    }
  },
  "root": "root",
  "version": 7
}
